
Microsoft Visual Studio Solution File, Format Version 12.00
# Visual Studio Version 17
VisualStudioVersion = 17.3.32901.215
MinimumVisualStudioVersion = 10.0.40219.1
Project("{FAE04EC0-301F-11D3-BF4B-00C04F79EFBC}") = "RegistrationClinik", "RegistrationClinik\RegistrationClinik.csproj", "{4FF5CBF8-6E78-4DF4-9934-34EB2596662A}"
EndProject
Global
	GlobalSection(SolutionConfigurationPlatforms) = preSolution
		Debug|Any CPU = Debug|Any CPU
		Release|Any CPU = Release|Any CPU
	EndGlobalSection
	GlobalSection(ProjectConfigurationPlatforms) = postSolution
		{4FF5CBF8-6E78-4DF4-9934-34EB2596662A}.Debug|Any CPU.ActiveCfg = Debug|Any CPU
		{4FF5CBF8-6E78-4DF4-9934-34EB2596662A}.Debug|Any CPU.Build.0 = Debug|Any CPU
		{4FF5CBF8-6E78-4DF4-9934-34EB2596662A}.Release|Any CPU.ActiveCfg = Release|Any CPU
		{4FF5CBF8-6E78-4DF4-9934-34EB2596662A}.Release|Any CPU.Build.0 = Release|Any CPU
	EndGlobalSection
	GlobalSection(SolutionProperties) = preSolution
		HideSolutionNode = FALSE
	EndGlobalSection
	GlobalSection(ExtensibilityGlobals) = postSolution
		SolutionGuid = {9E6531A6-6EDA-4FCF-92CF-E049623632B2}
	EndGlobalSection
EndGlobal
